<?xml version="1.0" encoding="utf-8"?>
<Project ToolsVersion="4.0" xmlns="http://schemas.microsoft.com/developer/msbuild/2003">
  <ItemGroup>
    <ClCompile Include="src\main.cpp" />
    <ClCompile Include="test\logger_test.cpp" />
    <ClCompile Include="test\json_test.cpp" />
    <ClCompile Include="src\random.cpp" />
    <ClCompile Include="test\random_test.cpp" />
    <ClCompile Include="src\math\vec3d.cpp" />
    <ClCompile Include="src\math\vec3b.cpp" />
    <ClCompile Include="src\math\vec3i.cpp" />
    <ClCompile Include="src\math\constants.cpp" />
    <ClCompile Include="test\vec_test.cpp" />
    <ClCompile Include="src\math\vec2b.cpp" />
    <ClCompile Include="src\math\vec2d.cpp" />
    <ClCompile Include="src\math\vec2i.cpp" />
    <ClCompile Include="test\output_binary_test.cpp" />
    <ClCompile Include="src\event.cpp" />
    <ClCompile Include="src\event_queue.cpp" />
    <ClCompile Include="src\shapes\abstract_plane_3d.cpp" />
    <ClCompile Include="src\shapes\plane_x_3d.cpp" />
    <ClCompile Include="src\shapes\plane_y_3d.cpp" />
    <ClCompile Include="src\shapes\plane_z_3d.cpp" />
    <ClCompile Include="src\math\axis.cpp" />
    <ClCompile Include="src\math\vec1d.cpp" />
    <ClCompile Include="src\shapes\plane.cpp" />
    <ClCompile Include="test\event_queue_test.cpp" />
    <ClCompile Include="src\shapes\box2d.cpp" />
    <ClCompile Include="src\shapes\collision_3d.cpp" />
    <ClCompile Include="src\shapes\surface_3d.cpp" />
  </ItemGroup>
  <ItemGroup>
    <ClInclude Include="test\logger_test.h" />
    <ClInclude Include="test\json_test.h" />
    <ClInclude Include="src\random.h" />
    <ClInclude Include="test\random_test.h" />
    <ClInclude Include="src\math\vec3d.h" />
    <ClInclude Include="src\math\vec3b.h" />
    <ClInclude Include="src\math\vec3i.h" />
    <ClInclude Include="src\math\constants.h" />
    <ClInclude Include="src\math\vec3.h" />
    <ClInclude Include="test\vec_test.h" />
    <ClInclude Include="src\math\vec2.h" />
    <ClInclude Include="src\math\vec2b.h" />
    <ClInclude Include="src\math\vec2d.h" />
    <ClInclude Include="src\math\vec2i.h" />
    <ClInclude Include="src\output_binary_singles.h" />
    <ClInclude Include="test\output_binary_test.h" />
    <ClInclude Include="src\output_binary_vectors.h" />
    <ClInclude Include="lib\pcg\pcg_extras.hpp" />
    <ClInclude Include="lib\pcg\pcg_random.hpp" />
    <ClInclude Include="lib\pcg\pcg_uint128.hpp" />
    <ClInclude Include="src\event.h" />
    <ClInclude Include="src\event_queue.h" />
    <ClInclude Include="src\math\axis.h" />
    <ClInclude Include="src\shapes\abstract_plane_3d.h" />
    <ClInclude Include="src\shapes\plane_x_3d.h" />
    <ClInclude Include="src\shapes\plane_y_3d.h" />
    <ClInclude Include="src\shapes\plane_z_3d.h" />
    <ClInclude Include="src\math\vec1d.h" />
    <ClInclude Include="src\shapes\plane.h" />
    <ClInclude Include="test\event_queue_test.h" />
    <ClInclude Include="src\shapes\surface_3d.h" />
    <ClInclude Include="src\shapes\box_2d.h" />
    <ClInclude Include="src\shapes\surface_3d_shape.h" />
    <ClInclude Include="src\shapes\collision_3d.h" />
  </ItemGroup>
  <ItemGroup>
    <Text Include="lib\pcg\LICENSE.txt" />
    <Text Include="lib\pcg\LICENSE-APACHE.txt" />
    <Text Include="lib\pcg\LICENSE-MIT.txt" />
  </ItemGroup>
  <ItemGroup>
    <None Include="lib\pcg\CONTRIBUTING.md" />
    <None Include="lib\pcg\LICENSE.spdx" />
    <None Include="lib\pcg\README.md" />
  </ItemGroup>
</Project>