<?xml version="1.0" encoding="utf-8"?>
<Project ToolsVersion="4.0" xmlns="http://schemas.microsoft.com/developer/msbuild/2003">
  <ItemGroup>
    <ClCompile Include="src\event.cpp">
      <Filter>src\event</Filter>
    </ClCompile>
    <ClCompile Include="src\event_queue.cpp">
      <Filter>src\event</Filter>
    </ClCompile>
    <ClCompile Include="src\main.cpp">
      <Filter>src\other</Filter>
    </ClCompile>
    <ClCompile Include="src\random.cpp">
      <Filter>src\other\random</Filter>
    </ClCompile>
    <ClCompile Include="src\pch.cpp">
      <Filter>src\other\pch</Filter>
    </ClCompile>
    <ClCompile Include="src\vec3i.cpp">
      <Filter>src\math\vec\3D</Filter>
    </ClCompile>
    <ClCompile Include="src\vec3d.cpp">
      <Filter>src\math\vec\3D</Filter>
    </ClCompile>
    <ClCompile Include="src\vec3b.cpp">
      <Filter>src\math\vec\3D</Filter>
    </ClCompile>
    <ClCompile Include="src\vec2i.cpp">
      <Filter>src\math\vec\2D</Filter>
    </ClCompile>
    <ClCompile Include="src\vec2d.cpp">
      <Filter>src\math\vec\2D</Filter>
    </ClCompile>
    <ClCompile Include="src\vec2b.cpp">
      <Filter>src\math\vec\2D</Filter>
    </ClCompile>
    <ClCompile Include="src\vec1d.cpp">
      <Filter>src\math\vec\1D</Filter>
    </ClCompile>
    <ClCompile Include="src\constants.cpp">
      <Filter>src\math\constants</Filter>
    </ClCompile>
    <ClCompile Include="src\vec_test.cpp">
      <Filter>src\tests</Filter>
    </ClCompile>
    <ClCompile Include="src\random_test.cpp">
      <Filter>src\tests</Filter>
    </ClCompile>
    <ClCompile Include="src\output_binary_test.cpp">
      <Filter>src\tests</Filter>
    </ClCompile>
    <ClCompile Include="src\logger_test.cpp">
      <Filter>src\tests</Filter>
    </ClCompile>
    <ClCompile Include="src\json_test.cpp">
      <Filter>src\tests</Filter>
    </ClCompile>
    <ClCompile Include="src\basic_circle.cpp">
      <Filter>src\shapes\basic\circle</Filter>
    </ClCompile>
    <ClCompile Include="src\relation_circle.cpp">
      <Filter>src\shapes\relation\circle</Filter>
    </ClCompile>
    <ClCompile Include="src\shape_test.cpp">
      <Filter>src\tests</Filter>
    </ClCompile>
    <ClCompile Include="src\generating_circle.cpp">
      <Filter>src\shapes\generating\circle</Filter>
    </ClCompile>
    <ClCompile Include="src\basic_sphere.cpp">
      <Filter>src\shapes\basic\sphere</Filter>
    </ClCompile>
    <ClCompile Include="src\generating_sphere.cpp">
      <Filter>src\shapes\generating\sphere</Filter>
    </ClCompile>
    <ClCompile Include="src\axis_3d.cpp">
      <Filter>src\math\axis</Filter>
    </ClCompile>
    <ClCompile Include="src\axis_2d.cpp">
      <Filter>src\math\axis</Filter>
    </ClCompile>
    <ClCompile Include="src\generating_surface.cpp">
      <Filter>src\shapes\generating\surface</Filter>
    </ClCompile>
    <ClCompile Include="src\generating_box.cpp">
      <Filter>src\shapes\generating\box</Filter>
    </ClCompile>
    <ClCompile Include="src\generating_rect_surface.cpp">
      <Filter>src\shapes\generating\surface</Filter>
    </ClCompile>
    <ClCompile Include="src\generating_rect.cpp">
      <Filter>src\shapes\generating\rect</Filter>
    </ClCompile>
    <ClCompile Include="src\collision_surface.cpp">
      <Filter>src\shapes\collision\surface</Filter>
    </ClCompile>
    <ClCompile Include="src\collision_box.cpp">
      <Filter>src\shapes\collision\box</Filter>
    </ClCompile>
    <ClCompile Include="src\basic_plane.cpp">
      <Filter>src\shapes\basic\plane</Filter>
    </ClCompile>
    <ClCompile Include="src\box_faces.cpp">
      <Filter>src\shapes\basic\box</Filter>
    </ClCompile>
    <ClCompile Include="src\basic_box.cpp">
      <Filter>src\shapes\basic\box</Filter>
    </ClCompile>
    <ClCompile Include="src\basic_rect.cpp">
      <Filter>src\shapes\basic\rect</Filter>
    </ClCompile>
    <ClCompile Include="src\collision_rect.cpp">
      <Filter>src\shapes\collision\rect</Filter>
    </ClCompile>
    <ClCompile Include="src\collision_3d.cpp">
      <Filter>src\shapes\collision\data</Filter>
    </ClCompile>
    <ClCompile Include="src\relation_surface.cpp">
      <Filter>src\shapes\relation\surface</Filter>
    </ClCompile>
    <ClCompile Include="src\relation_circle_surface.cpp">
      <Filter>src\shapes\relation\surface</Filter>
    </ClCompile>
    <ClCompile Include="src\relation_plane.cpp">
      <Filter>src\shapes\relation\plane</Filter>
    </ClCompile>
    <ClCompile Include="src\relation_box.cpp">
      <Filter>src\shapes\relation\box</Filter>
    </ClCompile>
    <ClCompile Include="src\relation_rect.cpp">
      <Filter>src\shapes\relation\rect</Filter>
    </ClCompile>
    <ClCompile Include="src\relation_rect_surface.cpp">
      <Filter>src\shapes\relation\surface</Filter>
    </ClCompile>
    <ClCompile Include="src\relation_sphere.cpp">
      <Filter>src\shapes\relation\sphere</Filter>
    </ClCompile>
    <ClCompile Include="src\relation_shape_3d.cpp">
      <Filter>src\shapes\relation\shape</Filter>
    </ClCompile>
    <ClCompile Include="src\collision_sphere.cpp">
      <Filter>src\shapes\collision\sphere</Filter>
    </ClCompile>
    <ClCompile Include="src\collision_2d.cpp">
      <Filter>src\shapes\collision\data</Filter>
    </ClCompile>
    <ClCompile Include="src\generating_circle_surface.cpp">
      <Filter>src\shapes\generating\surface</Filter>
    </ClCompile>
    <ClCompile Include="src\collision_rect_surface.cpp">
      <Filter>src\shapes\collision\surface</Filter>
    </ClCompile>
    <ClCompile Include="src\collision_circle_surface.cpp">
      <Filter>src\shapes\collision\surface</Filter>
    </ClCompile>
    <ClCompile Include="src\collision_circle.cpp">
      <Filter>src\shapes\collision\circle</Filter>
    </ClCompile>
    <ClCompile Include="src\microscopic_first_order_reaction.cpp">
      <Filter>src\simulation\regimes\microscopic\reactions</Filter>
    </ClCompile>
    <ClCompile Include="src\microscopic_normal_molecule.cpp">
      <Filter>src\simulation\regimes\microscopic\molecule</Filter>
    </ClCompile>
    <ClCompile Include="src\microscopic_recent_molecule.cpp">
      <Filter>src\simulation\regimes\microscopic\molecule</Filter>
    </ClCompile>
    <ClCompile Include="src\microscopic_second_order_reaction.cpp">
      <Filter>src\simulation\regimes\microscopic\reactions</Filter>
    </ClCompile>
    <ClCompile Include="src\microscopic_zeroth_order_reaction.cpp">
      <Filter>src\simulation\regimes\microscopic\reactions</Filter>
    </ClCompile>
    <ClCompile Include="src\microscopic_typed_subvolume.cpp">
      <Filter>src\simulation\regimes\microscopic\subvolume</Filter>
    </ClCompile>
    <ClCompile Include="src\microscopic_subvolume2.cpp">
      <Filter>src\simulation\regimes\microscopic\subvolume</Filter>
    </ClCompile>
    <ClCompile Include="src\microscopic_grid2.cpp">
      <Filter>src\simulation\regimes\microscopic\grid</Filter>
    </ClCompile>
    <ClCompile Include="src\environment.cpp">
      <Filter>src\simulation\environment</Filter>
    </ClCompile>
    <ClCompile Include="src\microscopic_region2.cpp">
      <Filter>src\simulation\regimes\microscopic\region</Filter>
    </ClCompile>
    <ClCompile Include="src\event_queue_test.cpp">
      <Filter>src\tests</Filter>
    </ClCompile>
    <ClCompile Include="src\microscopic_box_surface_shape.cpp">
      <Filter>src\simulation\regimes\microscopic\surface</Filter>
    </ClCompile>
    <ClCompile Include="src\molecule_destination.cpp">
      <Filter>src\simulation\regimes\microscopic\molecule</Filter>
    </ClCompile>
    <ClCompile Include="src\passive_actor.cpp">
      <Filter>src\simulation\actors\passive</Filter>
    </ClCompile>
    <ClCompile Include="src\microscopic_relationship.cpp">
      <Filter>src\simulation\regimes\microscopic\relations</Filter>
    </ClCompile>
    <ClCompile Include="src\microscopic_sphere_surface_shape.cpp">
      <Filter>src\simulation\regimes\microscopic\surface</Filter>
    </ClCompile>
    <ClCompile Include="src\basic_cylinder.cpp">
      <Filter>src\shapes\basic\cylinder</Filter>
    </ClCompile>
    <ClCompile Include="src\relation_cylinder.cpp">
      <Filter>src\shapes\relation\cylinder</Filter>
    </ClCompile>
    <ClCompile Include="src\generating_plane.cpp">
      <Filter>src\shapes\generating\plane</Filter>
    </ClCompile>
    <ClCompile Include="src\generating_cylinder.cpp">
      <Filter>src\shapes\generating\cylinder</Filter>
    </ClCompile>
    <ClCompile Include="src\collision_plane.cpp">
      <Filter>src\shapes\collision\plane</Filter>
    </ClCompile>
    <ClCompile Include="src\collision_cylinder.cpp">
      <Filter>src\shapes\collision\cylinder</Filter>
    </ClCompile>
    <ClCompile Include="src\relation_shape_2d.cpp">
      <Filter>src\shapes\relation\shape</Filter>
    </ClCompile>
    <ClCompile Include="src\generating_shape_3d.cpp">
      <Filter>src\shapes\generating\shape</Filter>
    </ClCompile>
    <ClCompile Include="src\generating_shape_2d.cpp">
      <Filter>src\shapes\generating\shape</Filter>
    </ClCompile>
    <ClCompile Include="src\collision_shape_2d.cpp">
      <Filter>src\shapes\collision\shape</Filter>
    </ClCompile>
    <ClCompile Include="src\collision_shape_3d.cpp">
      <Filter>src\shapes\collision\shape</Filter>
    </ClCompile>
    <ClCompile Include="src\microscopic_cylinder_surface_shape.cpp">
      <Filter>src\simulation\regimes\microscopic\surface</Filter>
    </ClCompile>
    <ClCompile Include="src\basic_shape.cpp">
      <Filter>src\shapes\basic\shape</Filter>
    </ClCompile>
    <ClCompile Include="src\microscopic_box_region.cpp">
      <Filter>src\simulation\regimes\microscopic\region</Filter>
    </ClCompile>
    <ClCompile Include="src\microscopic_sphere_region.cpp">
      <Filter>src\simulation\regimes\microscopic\region</Filter>
    </ClCompile>
    <ClCompile Include="src\microscopic_cylinder_region.cpp">
      <Filter>src\simulation\regimes\microscopic\region</Filter>
    </ClCompile>
    <ClCompile Include="src\shapeless_passive_actor.cpp">
      <Filter>src\simulation\actors\passive</Filter>
    </ClCompile>
    <ClCompile Include="src\box_passive_actor.cpp">
      <Filter>src\simulation\actors\passive</Filter>
    </ClCompile>
    <ClCompile Include="src\reaction_manager.cpp">
      <Filter>src\simulation\reactions</Filter>
    </ClCompile>
    <ClCompile Include="src\zeroth_order_reaction.cpp">
      <Filter>src\simulation\reactions</Filter>
    </ClCompile>
    <ClCompile Include="src\second_order_reaction.cpp">
      <Filter>src\simulation\reactions</Filter>
    </ClCompile>
    <ClCompile Include="src\first_order_reaction.cpp">
      <Filter>src\simulation\reactions</Filter>
    </ClCompile>
  </ItemGroup>
  <ItemGroup>
    <ClInclude Include="lib\pcg\pcg_uint128.hpp">
      <Filter>lib\pcg</Filter>
    </ClInclude>
    <ClInclude Include="lib\pcg\pcg_random.hpp">
      <Filter>lib\pcg</Filter>
    </ClInclude>
    <ClInclude Include="lib\pcg\pcg_extras.hpp">
      <Filter>lib\pcg</Filter>
    </ClInclude>
    <ClInclude Include="src\event.h">
      <Filter>src\event</Filter>
    </ClInclude>
    <ClInclude Include="src\event_queue.h">
      <Filter>src\event</Filter>
    </ClInclude>
    <ClInclude Include="src\output_binary_singles.h">
      <Filter>src\other\binary</Filter>
    </ClInclude>
    <ClInclude Include="src\output_binary_vectors.h">
      <Filter>src\other\binary</Filter>
    </ClInclude>
    <ClInclude Include="src\random.h">
      <Filter>src\other\random</Filter>
    </ClInclude>
    <ClInclude Include="src\pch.h">
      <Filter>src\other\pch</Filter>
    </ClInclude>
    <ClInclude Include="src\vec3i.h">
      <Filter>src\math\vec\3D</Filter>
    </ClInclude>
    <ClInclude Include="src\vec3d.h">
      <Filter>src\math\vec\3D</Filter>
    </ClInclude>
    <ClInclude Include="src\vec3b.h">
      <Filter>src\math\vec\3D</Filter>
    </ClInclude>
    <ClInclude Include="src\vec3.h">
      <Filter>src\math\vec\3D</Filter>
    </ClInclude>
    <ClInclude Include="src\vec2i.h">
      <Filter>src\math\vec\2D</Filter>
    </ClInclude>
    <ClInclude Include="src\vec2d.h">
      <Filter>src\math\vec\2D</Filter>
    </ClInclude>
    <ClInclude Include="src\vec2b.h">
      <Filter>src\math\vec\2D</Filter>
    </ClInclude>
    <ClInclude Include="src\vec2.h">
      <Filter>src\math\vec\2D</Filter>
    </ClInclude>
    <ClInclude Include="src\vec1d.h">
      <Filter>src\math\vec\1D</Filter>
    </ClInclude>
    <ClInclude Include="src\constants.h">
      <Filter>src\math\constants</Filter>
    </ClInclude>
    <ClInclude Include="src\vec_test.h">
      <Filter>src\tests</Filter>
    </ClInclude>
    <ClInclude Include="src\random_test.h">
      <Filter>src\tests</Filter>
    </ClInclude>
    <ClInclude Include="src\output_binary_test.h">
      <Filter>src\tests</Filter>
    </ClInclude>
    <ClInclude Include="src\logger_test.h">
      <Filter>src\tests</Filter>
    </ClInclude>
    <ClInclude Include="src\json_test.h">
      <Filter>src\tests</Filter>
    </ClInclude>
    <ClInclude Include="src\basic_circle.h">
      <Filter>src\shapes\basic\circle</Filter>
    </ClInclude>
    <ClInclude Include="src\relation_circle.h">
      <Filter>src\shapes\relation\circle</Filter>
    </ClInclude>
    <ClInclude Include="src\shape_test.h">
      <Filter>src\tests</Filter>
    </ClInclude>
    <ClInclude Include="src\json_fwd_test.h">
      <Filter>src\tests</Filter>
    </ClInclude>
    <ClInclude Include="src\generating_circle.h">
      <Filter>src\shapes\generating\circle</Filter>
    </ClInclude>
    <ClInclude Include="src\basic_sphere.h">
      <Filter>src\shapes\basic\sphere</Filter>
    </ClInclude>
    <ClInclude Include="src\generating_sphere.h">
      <Filter>src\shapes\generating\sphere</Filter>
    </ClInclude>
    <ClInclude Include="src\axis_3d.h">
      <Filter>src\math\axis</Filter>
    </ClInclude>
    <ClInclude Include="src\axis_2d.h">
      <Filter>src\math\axis</Filter>
    </ClInclude>
    <ClInclude Include="src\generating_surface.h">
      <Filter>src\shapes\generating\surface</Filter>
    </ClInclude>
    <ClInclude Include="src\generating_box.h">
      <Filter>src\shapes\generating\box</Filter>
    </ClInclude>
    <ClInclude Include="src\generating_rect_surface.h">
      <Filter>src\shapes\generating\surface</Filter>
    </ClInclude>
    <ClInclude Include="src\generating_rect.h">
      <Filter>src\shapes\generating\rect</Filter>
    </ClInclude>
    <ClInclude Include="src\collision_surface.h">
      <Filter>src\shapes\collision\surface</Filter>
    </ClInclude>
    <ClInclude Include="src\collision_box.h">
      <Filter>src\shapes\collision\box</Filter>
    </ClInclude>
    <ClInclude Include="src\basic_plane.h">
      <Filter>src\shapes\basic\plane</Filter>
    </ClInclude>
    <ClInclude Include="src\box_faces.h">
      <Filter>src\shapes\basic\box</Filter>
    </ClInclude>
    <ClInclude Include="src\basic_box.h">
      <Filter>src\shapes\basic\box</Filter>
    </ClInclude>
    <ClInclude Include="src\basic_rect.h">
      <Filter>src\shapes\basic\rect</Filter>
    </ClInclude>
    <ClInclude Include="src\collision_rect.h">
      <Filter>src\shapes\collision\rect</Filter>
    </ClInclude>
    <ClInclude Include="src\collision_3d.h">
      <Filter>src\shapes\collision\data</Filter>
    </ClInclude>
    <ClInclude Include="src\relation_surface.h">
      <Filter>src\shapes\relation\surface</Filter>
    </ClInclude>
    <ClInclude Include="src\relation_circle_surface.h">
      <Filter>src\shapes\relation\surface</Filter>
    </ClInclude>
    <ClInclude Include="src\relation_plane.h">
      <Filter>src\shapes\relation\plane</Filter>
    </ClInclude>
    <ClInclude Include="src\relation_box.h">
      <Filter>src\shapes\relation\box</Filter>
    </ClInclude>
    <ClInclude Include="src\relation_rect.h">
      <Filter>src\shapes\relation\rect</Filter>
    </ClInclude>
    <ClInclude Include="src\relation_rect_surface.h">
      <Filter>src\shapes\relation\surface</Filter>
    </ClInclude>
    <ClInclude Include="src\relation_sphere.h">
      <Filter>src\shapes\relation\sphere</Filter>
    </ClInclude>
    <ClInclude Include="src\relation_shape_3d.h">
      <Filter>src\shapes\relation\shape</Filter>
    </ClInclude>
    <ClInclude Include="src\collision_sphere.h">
      <Filter>src\shapes\collision\sphere</Filter>
    </ClInclude>
    <ClInclude Include="src\collision_2d.h">
      <Filter>src\shapes\collision\data</Filter>
    </ClInclude>
    <ClInclude Include="src\generating_circle_surface.h">
      <Filter>src\shapes\generating\surface</Filter>
    </ClInclude>
    <ClInclude Include="src\collision_rect_surface.h">
      <Filter>src\shapes\collision\surface</Filter>
    </ClInclude>
    <ClInclude Include="src\collision_circle_surface.h">
      <Filter>src\shapes\collision\surface</Filter>
    </ClInclude>
    <ClInclude Include="src\collision_circle.h">
      <Filter>src\shapes\collision\circle</Filter>
    </ClInclude>
    <ClInclude Include="src\microscopic_first_order_reaction.h">
      <Filter>src\simulation\regimes\microscopic\reactions</Filter>
    </ClInclude>
    <ClInclude Include="src\microscopic_normal_molecule.h">
      <Filter>src\simulation\regimes\microscopic\molecule</Filter>
    </ClInclude>
    <ClInclude Include="src\microscopic_recent_molecule.h">
      <Filter>src\simulation\regimes\microscopic\molecule</Filter>
    </ClInclude>
    <ClInclude Include="src\microscopic_second_order_reaction.h">
      <Filter>src\simulation\regimes\microscopic\reactions</Filter>
    </ClInclude>
    <ClInclude Include="src\microscopic_zeroth_order_reaction.h">
      <Filter>src\simulation\regimes\microscopic\reactions</Filter>
    </ClInclude>
    <ClInclude Include="src\microscopic_subvolume2.h">
      <Filter>src\simulation\regimes\microscopic\subvolume</Filter>
    </ClInclude>
    <ClInclude Include="src\microscopic_typed_subvolume.h">
      <Filter>src\simulation\regimes\microscopic\subvolume</Filter>
    </ClInclude>
    <ClInclude Include="src\microscopic_region2.h">
      <Filter>src\simulation\regimes\microscopic\region</Filter>
    </ClInclude>
    <ClInclude Include="src\microscopic_grid2.h">
      <Filter>src\simulation\regimes\microscopic\grid</Filter>
    </ClInclude>
    <ClInclude Include="src\microscopic_owner.h">
      <Filter>src\simulation\regimes\microscopic\relations</Filter>
    </ClInclude>
    <ClInclude Include="src\environment.h">
      <Filter>src\simulation\environment</Filter>
    </ClInclude>
    <ClInclude Include="src\microscopic_surface_shape.h">
      <Filter>src\simulation\regimes\microscopic\surface</Filter>
    </ClInclude>
    <ClInclude Include="src\event_queue_test.h">
      <Filter>src\tests</Filter>
    </ClInclude>
    <ClInclude Include="src\microscopic_box_surface_shape.h">
      <Filter>src\simulation\regimes\microscopic\surface</Filter>
    </ClInclude>
    <ClInclude Include="src\molecule_destination.h">
      <Filter>src\simulation\regimes\microscopic\molecule</Filter>
    </ClInclude>
    <ClInclude Include="src\enum_array.h">
      <Filter>src\other\containers</Filter>
    </ClInclude>
    <ClInclude Include="src\passive_actor.h">
      <Filter>src\simulation\actors\passive</Filter>
    </ClInclude>
    <ClInclude Include="src\object_ids.h">
      <Filter>src\event</Filter>
    </ClInclude>
    <ClInclude Include="src\microscopic_relative.h">
      <Filter>src\simulation\regimes\microscopic\relations</Filter>
    </ClInclude>
    <ClInclude Include="src\microscopic_relationship.h">
      <Filter>src\simulation\regimes\microscopic\relations</Filter>
    </ClInclude>
    <ClInclude Include="src\microscopic_surface_type.h">
      <Filter>src\simulation\regimes\microscopic\surface</Filter>
    </ClInclude>
    <ClInclude Include="src\microscopic_sphere_surface_shape.h">
      <Filter>src\simulation\regimes\microscopic\surface</Filter>
    </ClInclude>
    <ClInclude Include="src\collision_cylinder.h">
      <Filter>src\shapes\collision\cylinder</Filter>
    </ClInclude>
    <ClInclude Include="src\basic_cylinder.h">
      <Filter>src\shapes\basic\cylinder</Filter>
    </ClInclude>
    <ClInclude Include="src\relation_cylinder.h">
      <Filter>src\shapes\relation\cylinder</Filter>
    </ClInclude>
    <ClInclude Include="src\generating_plane.h">
      <Filter>src\shapes\generating\plane</Filter>
    </ClInclude>
    <ClInclude Include="src\generating_cylinder.h">
      <Filter>src\shapes\generating\cylinder</Filter>
    </ClInclude>
    <ClInclude Include="src\collision_plane.h">
      <Filter>src\shapes\collision\plane</Filter>
    </ClInclude>
    <ClInclude Include="src\relation_shape_2d.h">
      <Filter>src\shapes\relation\shape</Filter>
    </ClInclude>
    <ClInclude Include="src\generating_shape_3d.h">
      <Filter>src\shapes\generating\shape</Filter>
    </ClInclude>
    <ClInclude Include="src\generating_shape_2d.h">
      <Filter>src\shapes\generating\shape</Filter>
    </ClInclude>
    <ClInclude Include="src\collision_shape_2d.h">
      <Filter>src\shapes\collision\shape</Filter>
    </ClInclude>
    <ClInclude Include="src\collision_shape_3d.h">
      <Filter>src\shapes\collision\shape</Filter>
    </ClInclude>
    <ClInclude Include="src\microscopic_cylinder_surface_shape.h">
      <Filter>src\simulation\regimes\microscopic\surface</Filter>
    </ClInclude>
    <ClInclude Include="src\basic_shape.h">
      <Filter>src\shapes\basic\shape</Filter>
    </ClInclude>
    <ClInclude Include="src\basic_shape_3d.h">
      <Filter>src\shapes\basic\shape</Filter>
    </ClInclude>
    <ClInclude Include="src\microscopic_box_region.h">
      <Filter>src\simulation\regimes\microscopic\region</Filter>
    </ClInclude>
    <ClInclude Include="src\microscopic_sphere_region.h">
      <Filter>src\simulation\regimes\microscopic\region</Filter>
    </ClInclude>
    <ClInclude Include="src\microscopic_cylinder_region.h">
      <Filter>src\simulation\regimes\microscopic\region</Filter>
    </ClInclude>
    <ClInclude Include="src\shapeless_passive_actor.h">
      <Filter>src\simulation\actors\passive</Filter>
    </ClInclude>
    <ClInclude Include="src\box_passive_actor.h">
      <Filter>src\simulation\actors\passive</Filter>
    </ClInclude>
    <ClInclude Include="src\reaction_manager.h">
      <Filter>src\simulation\reactions</Filter>
    </ClInclude>
    <ClInclude Include="src\zeroth_order_reaction.h">
      <Filter>src\simulation\reactions</Filter>
    </ClInclude>
    <ClInclude Include="src\second_order_reaction.h">
      <Filter>src\simulation\reactions</Filter>
    </ClInclude>
    <ClInclude Include="src\first_order_reaction.h">
      <Filter>src\simulation\reactions</Filter>
    </ClInclude>
    <ClInclude Include="src\active_actor.h">
      <Filter>src\simulation\actors\actor</Filter>
    </ClInclude>
  </ItemGroup>
  <ItemGroup>
    <Text Include="lib\pcg\LICENSE-MIT.txt">
      <Filter>lib\pcg</Filter>
    </Text>
    <Text Include="lib\pcg\LICENSE-APACHE.txt">
      <Filter>lib\pcg</Filter>
    </Text>
    <Text Include="lib\pcg\LICENSE.txt">
      <Filter>lib\pcg</Filter>
    </Text>
  </ItemGroup>
  <ItemGroup>
    <None Include="lib\pcg\LICENSE.spdx">
      <Filter>lib\pcg</Filter>
    </None>
    <None Include="lib\pcg\CONTRIBUTING.md">
      <Filter>lib\pcg</Filter>
    </None>
    <None Include="lib\pcg\README.md">
      <Filter>lib\pcg</Filter>
    </None>
  </ItemGroup>
  <ItemGroup>
    <Filter Include="lib">
      <UniqueIdentifier>{6388351f-e287-4a2b-82a4-96c0f529e266}</UniqueIdentifier>
    </Filter>
    <Filter Include="src">
      <UniqueIdentifier>{f72c3509-6b8e-4ca3-8319-29b4de0921ec}</UniqueIdentifier>
    </Filter>
    <Filter Include="lib\pcg">
      <UniqueIdentifier>{190d5d9b-372d-4414-b424-884ff1e70504}</UniqueIdentifier>
    </Filter>
    <Filter Include="lib\json">
      <UniqueIdentifier>{bdf5be7a-23eb-464b-957f-4ecc57c86cfa}</UniqueIdentifier>
    </Filter>
    <Filter Include="lib\spdlog">
      <UniqueIdentifier>{d54b4f69-fcdb-48cf-9b56-c27f5e267c1c}</UniqueIdentifier>
    </Filter>
    <Filter Include="src\math">
      <UniqueIdentifier>{e3d0557b-3345-4cc1-a8e9-d38c16819e35}</UniqueIdentifier>
    </Filter>
    <Filter Include="src\math\vec">
      <UniqueIdentifier>{325ca5ba-38b1-4aec-a935-89f4f9936e05}</UniqueIdentifier>
    </Filter>
    <Filter Include="src\shapes">
      <UniqueIdentifier>{4efc59fa-6c85-4210-9719-97d08b3f99f3}</UniqueIdentifier>
    </Filter>
    <Filter Include="src\shapes\basic">
      <UniqueIdentifier>{8cc28919-8100-431e-8dd7-2c03a0e84a17}</UniqueIdentifier>
    </Filter>
    <Filter Include="src\shapes\basic\box">
      <UniqueIdentifier>{97ca53b2-9c6b-4c56-aebc-78f42a1c7510}</UniqueIdentifier>
    </Filter>
    <Filter Include="src\shapes\collision">
      <UniqueIdentifier>{55c15517-8474-4b2c-a944-7596ef7b4cc7}</UniqueIdentifier>
    </Filter>
    <Filter Include="src\shapes\generating">
      <UniqueIdentifier>{f43c645a-e03a-43cf-88d8-bd764c90b645}</UniqueIdentifier>
    </Filter>
    <Filter Include="src\shapes\relation">
      <UniqueIdentifier>{c0a3d719-7c40-4d85-8994-c021e01568f1}</UniqueIdentifier>
    </Filter>
    <Filter Include="src\event">
      <UniqueIdentifier>{2c64c1b5-6e38-4b80-b4ff-442c915505bb}</UniqueIdentifier>
    </Filter>
    <Filter Include="src\tests">
      <UniqueIdentifier>{c2730454-72b2-41ea-ac77-2a08a0e8f6ca}</UniqueIdentifier>
    </Filter>
    <Filter Include="src\other">
      <UniqueIdentifier>{c127e013-c096-4c11-aa63-81b751ba92a8}</UniqueIdentifier>
    </Filter>
    <Filter Include="src\math\vec\1D">
      <UniqueIdentifier>{757e3288-446a-41ef-b0fb-8cbb71aaef4d}</UniqueIdentifier>
    </Filter>
    <Filter Include="src\math\vec\3D">
      <UniqueIdentifier>{719834c4-1e29-4ca3-95a9-b4fb9a067d43}</UniqueIdentifier>
    </Filter>
    <Filter Include="src\math\vec\2D">
      <UniqueIdentifier>{8541fe96-59af-4d38-92d5-c19a08219df8}</UniqueIdentifier>
    </Filter>
    <Filter Include="src\math\axis">
      <UniqueIdentifier>{72d1abc6-51e6-4f4d-8d68-689b0c6afc8d}</UniqueIdentifier>
    </Filter>
    <Filter Include="src\math\constants">
      <UniqueIdentifier>{4cee4f28-9ad3-483e-a0c9-e5a7b7618b50}</UniqueIdentifier>
    </Filter>
    <Filter Include="src\other\binary">
      <UniqueIdentifier>{a36730ac-8fdb-49aa-8139-f9f0ee9ebc0d}</UniqueIdentifier>
    </Filter>
    <Filter Include="src\other\random">
      <UniqueIdentifier>{212ada0a-1ba8-4ec3-a41e-f5c97fc04760}</UniqueIdentifier>
    </Filter>
    <Filter Include="src\other\pch">
      <UniqueIdentifier>{c4a8652b-8740-4343-a543-dc9f795114ae}</UniqueIdentifier>
    </Filter>
    <Filter Include="src\shapes\collision\box">
      <UniqueIdentifier>{7fd56c08-3153-427f-a6af-337f5259df9d}</UniqueIdentifier>
    </Filter>
    <Filter Include="src\shapes\generating\box">
      <UniqueIdentifier>{ae286a6e-2d02-40cd-b0aa-1dda6d5565e8}</UniqueIdentifier>
    </Filter>
    <Filter Include="src\shapes\relation\box">
      <UniqueIdentifier>{d59a7588-acc8-48c8-b25b-0ae11f1fb3ae}</UniqueIdentifier>
    </Filter>
    <Filter Include="src\shapes\relation\plane">
      <UniqueIdentifier>{08ef02ed-4d8a-4efa-9940-27d121924789}</UniqueIdentifier>
    </Filter>
    <Filter Include="src\shapes\relation\surface">
      <UniqueIdentifier>{9da68da5-5c83-46ce-b778-1b17c96bd082}</UniqueIdentifier>
    </Filter>
    <Filter Include="src\shapes\generating\plane">
      <UniqueIdentifier>{805ab8d9-ecc6-466c-910e-d6345180a396}</UniqueIdentifier>
    </Filter>
    <Filter Include="src\shapes\generating\surface">
      <UniqueIdentifier>{4a92c946-2e56-4844-9f39-a8a779919eec}</UniqueIdentifier>
    </Filter>
    <Filter Include="src\shapes\collision\surface">
      <UniqueIdentifier>{b155638c-4d01-4221-83bf-f5b76447532b}</UniqueIdentifier>
    </Filter>
    <Filter Include="src\shapes\collision\plane">
      <UniqueIdentifier>{2602cbc3-0a42-43a6-b0ba-e8455412cb6c}</UniqueIdentifier>
    </Filter>
    <Filter Include="src\shapes\basic\plane">
      <UniqueIdentifier>{820b2788-680f-4715-9482-4d01cb95cdf6}</UniqueIdentifier>
    </Filter>
    <Filter Include="src\shapes\relation\circle">
      <UniqueIdentifier>{3027f246-a752-498b-aa4c-48b4c8f596dc}</UniqueIdentifier>
    </Filter>
    <Filter Include="src\shapes\basic\circle">
      <UniqueIdentifier>{ce92f9d3-28f9-4873-9b98-de39dbe902e4}</UniqueIdentifier>
    </Filter>
    <Filter Include="src\shapes\generating\circle">
      <UniqueIdentifier>{5f71fbd6-d1f7-4e17-96ba-a5e2bbc813d7}</UniqueIdentifier>
    </Filter>
    <Filter Include="src\shapes\generating\sphere">
      <UniqueIdentifier>{4b9b2004-fb27-46fa-8793-13020cd6853c}</UniqueIdentifier>
    </Filter>
    <Filter Include="src\shapes\basic\sphere">
      <UniqueIdentifier>{0531371f-a22e-4945-9415-7708ebf9dd4b}</UniqueIdentifier>
    </Filter>
    <Filter Include="src\shapes\generating\rect">
      <UniqueIdentifier>{8205f40b-2c29-4cb0-bae0-868c64e53763}</UniqueIdentifier>
    </Filter>
    <Filter Include="src\shapes\basic\rect">
      <UniqueIdentifier>{e9d3eb7f-b7b3-4777-97d7-36b7338c7d28}</UniqueIdentifier>
    </Filter>
    <Filter Include="src\shapes\collision\rect">
      <UniqueIdentifier>{70beae17-921a-45e2-bae6-1000ddaa528c}</UniqueIdentifier>
    </Filter>
    <Filter Include="src\shapes\collision\data">
      <UniqueIdentifier>{44716964-bd5a-411f-bd04-8b23553f0bfd}</UniqueIdentifier>
    </Filter>
    <Filter Include="src\shapes\relation\rect">
      <UniqueIdentifier>{2e870e9d-068f-4c12-a645-acf70c24dc4d}</UniqueIdentifier>
    </Filter>
    <Filter Include="src\shapes\relation\sphere">
      <UniqueIdentifier>{2ec1ccb4-4d93-468d-bfc1-5dd069823bbf}</UniqueIdentifier>
    </Filter>
    <Filter Include="src\shapes\relation\shape">
      <UniqueIdentifier>{2ef6983a-a79d-42c6-9c7a-86ceef7dae75}</UniqueIdentifier>
    </Filter>
    <Filter Include="src\shapes\collision\sphere">
      <UniqueIdentifier>{ac31e2bd-5ab5-4b26-942e-40de8c96b2f2}</UniqueIdentifier>
    </Filter>
    <Filter Include="src\shapes\collision\circle">
      <UniqueIdentifier>{eae2942d-beb1-4ef4-bec7-a91f4612078e}</UniqueIdentifier>
    </Filter>
    <Filter Include="src\simulation">
      <UniqueIdentifier>{ff7e6a54-3c20-4bd4-8d56-57ee6384bac5}</UniqueIdentifier>
    </Filter>
    <Filter Include="src\simulation\environment">
      <UniqueIdentifier>{45be9e45-5002-4669-9acc-a03c46f00f2f}</UniqueIdentifier>
    </Filter>
    <Filter Include="src\other\containers">
      <UniqueIdentifier>{7ccf8c18-8a6f-4de2-b071-39aa565600b9}</UniqueIdentifier>
    </Filter>
    <Filter Include="src\simulation\actors">
      <UniqueIdentifier>{1a152e55-46e0-4c08-a091-6b75e4eb4cc4}</UniqueIdentifier>
    </Filter>
    <Filter Include="src\simulation\regimes">
      <UniqueIdentifier>{b906f2bc-7c25-46c8-8411-076e5e3b6cb2}</UniqueIdentifier>
    </Filter>
    <Filter Include="src\simulation\regimes\microscopic">
      <UniqueIdentifier>{eeeee95d-52c9-4172-823e-c36656262369}</UniqueIdentifier>
    </Filter>
    <Filter Include="src\simulation\regimes\microscopic\relations">
      <UniqueIdentifier>{f8c51a59-eb90-420f-a343-fa989b60bc9d}</UniqueIdentifier>
    </Filter>
    <Filter Include="src\simulation\regimes\microscopic\molecule">
      <UniqueIdentifier>{42549907-65c0-4ea6-b7b2-9bfa13cf6278}</UniqueIdentifier>
    </Filter>
    <Filter Include="src\simulation\regimes\microscopic\reactions">
      <UniqueIdentifier>{0a1d4d86-7d17-4a52-9eda-14cb0a837272}</UniqueIdentifier>
    </Filter>
    <Filter Include="src\simulation\regimes\microscopic\grid">
      <UniqueIdentifier>{956b3710-f765-49bd-927a-6f9a137bc4e3}</UniqueIdentifier>
    </Filter>
    <Filter Include="src\simulation\regimes\microscopic\surface">
      <UniqueIdentifier>{86b0885c-1409-4237-b18a-a6e92bd81029}</UniqueIdentifier>
    </Filter>
    <Filter Include="src\simulation\regimes\microscopic\region">
      <UniqueIdentifier>{e0ffecf9-fdf4-454b-8e97-866d58b7ceab}</UniqueIdentifier>
    </Filter>
    <Filter Include="src\simulation\regimes\microscopic\subvolume">
      <UniqueIdentifier>{f1f63f2d-6886-471d-af02-9759a7e9072f}</UniqueIdentifier>
    </Filter>
    <Filter Include="src\simulation\actors\passive">
      <UniqueIdentifier>{e226d73e-94a2-431e-893b-d43fae654fbc}</UniqueIdentifier>
    </Filter>
    <Filter Include="src\shapes\basic\cylinder">
      <UniqueIdentifier>{f0ed210c-14a4-4655-8854-807c2e2ca54a}</UniqueIdentifier>
    </Filter>
    <Filter Include="src\shapes\collision\cylinder">
      <UniqueIdentifier>{6c9a2afd-84cd-40cd-83ac-b95cd34fa424}</UniqueIdentifier>
    </Filter>
    <Filter Include="src\shapes\relation\cylinder">
      <UniqueIdentifier>{85560ee7-109a-4d17-8fa6-44dcac6426f8}</UniqueIdentifier>
    </Filter>
    <Filter Include="src\shapes\generating\cylinder">
      <UniqueIdentifier>{4b68a228-1fcc-4c67-867d-6a03a504c714}</UniqueIdentifier>
    </Filter>
    <Filter Include="src\shapes\generating\shape">
      <UniqueIdentifier>{21e3ebfe-75a5-41be-a129-dab45fd2287e}</UniqueIdentifier>
    </Filter>
    <Filter Include="src\shapes\collision\shape">
      <UniqueIdentifier>{fd9777cf-66fe-4d48-8653-7eb707f5df6b}</UniqueIdentifier>
    </Filter>
    <Filter Include="src\shapes\basic\shape">
      <UniqueIdentifier>{b460d96e-1ebd-460d-8f40-69f7a2438534}</UniqueIdentifier>
    </Filter>
    <Filter Include="src\simulation\reactions">
      <UniqueIdentifier>{ba032fae-1b9f-4513-80df-7bdc0b4ab2bb}</UniqueIdentifier>
    </Filter>
    <Filter Include="src\simulation\actors\actor">
      <UniqueIdentifier>{cd66ce18-8945-44ac-a2e6-5a89cf0982f0}</UniqueIdentifier>
    </Filter>
  </ItemGroup>
</Project>